// !$*UTF8*$!
{
	archiveVersion = 1;
	classes = {
	};
	objectVersion = 46;
	objects = {

/* Begin PBXBuildFile section */
		872CA62516C05D930056AF23 /* LD_Bracket_1.png in Resources */ = {isa = PBXBuildFile; fileRef = 872CA62316C05D930056AF23 /* LD_Bracket_1.png */; };
		872CA62616C05D930056AF23 /* LD_Curtain_Blank_1.png in Resources */ = {isa = PBXBuildFile; fileRef = 872CA62416C05D930056AF23 /* LD_Curtain_Blank_1.png */; };
		872CA62E16C05DB60056AF23 /* LD_DiceScroll_1.png in Resources */ = {isa = PBXBuildFile; fileRef = 872CA62716C05DB60056AF23 /* LD_DiceScroll_1.png */; };
		872CA62F16C05DB60056AF23 /* LD_DiceScroll_2.png in Resources */ = {isa = PBXBuildFile; fileRef = 872CA62816C05DB60056AF23 /* LD_DiceScroll_2.png */; };
		872CA63016C05DB60056AF23 /* LD_DiceScroll_3.png in Resources */ = {isa = PBXBuildFile; fileRef = 872CA62916C05DB60056AF23 /* LD_DiceScroll_3.png */; };
		872CA63116C05DB60056AF23 /* LD_DiceScroll_4.png in Resources */ = {isa = PBXBuildFile; fileRef = 872CA62A16C05DB60056AF23 /* LD_DiceScroll_4.png */; };
		872CA63216C05DB60056AF23 /* LD_DiceScroll_5.png in Resources */ = {isa = PBXBuildFile; fileRef = 872CA62B16C05DB60056AF23 /* LD_DiceScroll_5.png */; };
		872CA63316C05DB60056AF23 /* LD_DiceScroll_6.png in Resources */ = {isa = PBXBuildFile; fileRef = 872CA62C16C05DB60056AF23 /* LD_DiceScroll_6.png */; };
		872CA63416C05DB60056AF23 /* LD_DiceScroll_7.png in Resources */ = {isa = PBXBuildFile; fileRef = 872CA62D16C05DB60056AF23 /* LD_DiceScroll_7.png */; };
		872CA63616C05DC20056AF23 /* LD_TumblerBackdrop_1.png in Resources */ = {isa = PBXBuildFile; fileRef = 872CA63516C05DC20056AF23 /* LD_TumblerBackdrop_1.png */; };
		872CA63916C14CCB0056AF23 /* RoundPlayViewController.m in Sources */ = {isa = PBXBuildFile; fileRef = 872CA63816C14CCB0056AF23 /* RoundPlayViewController.m */; };
		872CA63D16C14CF80056AF23 /* RoundPlayViewController_iPhone.m in Sources */ = {isa = PBXBuildFile; fileRef = 872CA63B16C14CF40056AF23 /* RoundPlayViewController_iPhone.m */; };
		872CA63E16C14CF80056AF23 /* RoundPlayViewController_iPhone.xib in Resources */ = {isa = PBXBuildFile; fileRef = 872CA63C16C14CF60056AF23 /* RoundPlayViewController_iPhone.xib */; };
		87B09BA916C27C8C006F6E81 /* GeneralSettingsViewController.m in Sources */ = {isa = PBXBuildFile; fileRef = 87B09BA816C27C8C006F6E81 /* GeneralSettingsViewController.m */; };
		87B09BAD16C27CB0006F6E81 /* GeneralSettingsViewController_iPhone.m in Sources */ = {isa = PBXBuildFile; fileRef = 87B09BAB16C27CB0006F6E81 /* GeneralSettingsViewController_iPhone.m */; };
		87B09BAE16C27CB0006F6E81 /* GeneralSettingsViewController_iPhone.xib in Resources */ = {isa = PBXBuildFile; fileRef = 87B09BAC16C27CB0006F6E81 /* GeneralSettingsViewController_iPhone.xib */; };
		87E6027A16BB470B008E5457 /* UIKit.framework in Frameworks */ = {isa = PBXBuildFile; fileRef = 87E6027916BB470B008E5457 /* UIKit.framework */; };
		87E6027C16BB470B008E5457 /* Foundation.framework in Frameworks */ = {isa = PBXBuildFile; fileRef = 87E6027B16BB470B008E5457 /* Foundation.framework */; };
		87E6027E16BB470B008E5457 /* CoreGraphics.framework in Frameworks */ = {isa = PBXBuildFile; fileRef = 87E6027D16BB470B008E5457 /* CoreGraphics.framework */; };
		87E6028416BB470B008E5457 /* InfoPlist.strings in Resources */ = {isa = PBXBuildFile; fileRef = 87E6028216BB470B008E5457 /* InfoPlist.strings */; };
		87E6028616BB470B008E5457 /* main.m in Sources */ = {isa = PBXBuildFile; fileRef = 87E6028516BB470B008E5457 /* main.m */; };
		87E6028A16BB470B008E5457 /* AppDelegate.m in Sources */ = {isa = PBXBuildFile; fileRef = 87E6028916BB470B008E5457 /* AppDelegate.m */; };
		87E6028C16BB470B008E5457 /* Default.png in Resources */ = {isa = PBXBuildFile; fileRef = 87E6028B16BB470B008E5457 /* Default.png */; };
		87E6028E16BB470B008E5457 /* Default@2x.png in Resources */ = {isa = PBXBuildFile; fileRef = 87E6028D16BB470B008E5457 /* Default@2x.png */; };
		87E6029016BB470B008E5457 /* Default-568h@2x.png in Resources */ = {isa = PBXBuildFile; fileRef = 87E6028F16BB470B008E5457 /* Default-568h@2x.png */; };
		87E6029816BB470B008E5457 /* SenTestingKit.framework in Frameworks */ = {isa = PBXBuildFile; fileRef = 87E6029716BB470B008E5457 /* SenTestingKit.framework */; };
		87E6029916BB470B008E5457 /* UIKit.framework in Frameworks */ = {isa = PBXBuildFile; fileRef = 87E6027916BB470B008E5457 /* UIKit.framework */; };
		87E6029A16BB470B008E5457 /* Foundation.framework in Frameworks */ = {isa = PBXBuildFile; fileRef = 87E6027B16BB470B008E5457 /* Foundation.framework */; };
		87E602A216BB470B008E5457 /* InfoPlist.strings in Resources */ = {isa = PBXBuildFile; fileRef = 87E602A016BB470B008E5457 /* InfoPlist.strings */; };
		87E602A516BB470B008E5457 /* LiarsDiceTests.m in Sources */ = {isa = PBXBuildFile; fileRef = 87E602A416BB470B008E5457 /* LiarsDiceTests.m */; };
		87E602B216BB47E7008E5457 /* StartViewController.m in Sources */ = {isa = PBXBuildFile; fileRef = 87E602B116BB47E7008E5457 /* StartViewController.m */; };
		87E602BB16BB4949008E5457 /* SetUserNameViewController.mm in Sources */ = {isa = PBXBuildFile; fileRef = 87E602BA16BB4949008E5457 /* SetUserNameViewController.mm */; };
		87E9552116BFFEB00067F4DF /* LiarsDiceLobbyViewController.m in Sources */ = {isa = PBXBuildFile; fileRef = 87E9552016BFFEB00067F4DF /* LiarsDiceLobbyViewController.m */; };
		87E9552516BFFEE80067F4DF /* LiarsDiceLobbyViewController_iPhone.m in Sources */ = {isa = PBXBuildFile; fileRef = 87E9552316BFFEE80067F4DF /* LiarsDiceLobbyViewController_iPhone.m */; };
		87E9552616BFFEE80067F4DF /* LiarsDiceLobbyViewController_iPhone.xib in Resources */ = {isa = PBXBuildFile; fileRef = 87E9552416BFFEE80067F4DF /* LiarsDiceLobbyViewController_iPhone.xib */; };
		87E9552916BFFF180067F4DF /* GameSetupViewController.m in Sources */ = {isa = PBXBuildFile; fileRef = 87E9552816BFFF180067F4DF /* GameSetupViewController.m */; };
		87E9552D16BFFF4C0067F4DF /* GameSetupViewController_iPhone.m in Sources */ = {isa = PBXBuildFile; fileRef = 87E9552B16BFFF4C0067F4DF /* GameSetupViewController_iPhone.m */; };
		87E9552E16BFFF4C0067F4DF /* GameSetupViewController_iPhone.xib in Resources */ = {isa = PBXBuildFile; fileRef = 87E9552C16BFFF4C0067F4DF /* GameSetupViewController_iPhone.xib */; };
		87E9553116BFFF850067F4DF /* GameStartLobbyViewController.m in Sources */ = {isa = PBXBuildFile; fileRef = 87E9553016BFFF850067F4DF /* GameStartLobbyViewController.m */; };
		87E9553516BFFFAF0067F4DF /* GameStartLobbyViewController_iPhone.m in Sources */ = {isa = PBXBuildFile; fileRef = 87E9553316BFFFAF0067F4DF /* GameStartLobbyViewController_iPhone.m */; };
		87E9553616BFFFAF0067F4DF /* GameStartLobbyViewController_iPhone.xib in Resources */ = {isa = PBXBuildFile; fileRef = 87E9553416BFFFAF0067F4DF /* GameStartLobbyViewController_iPhone.xib */; };
		87E9553916BFFFED0067F4DF /* SummarizeGameViewController.m in Sources */ = {isa = PBXBuildFile; fileRef = 87E9553816BFFFED0067F4DF /* SummarizeGameViewController.m */; };
		87E9553D16C0000E0067F4DF /* SummarizeGameViewController_iPhone.m in Sources */ = {isa = PBXBuildFile; fileRef = 87E9553B16C0000D0067F4DF /* SummarizeGameViewController_iPhone.m */; };
		87E9553E16C0000E0067F4DF /* SummarizeGameViewController_iPhone.xib in Resources */ = {isa = PBXBuildFile; fileRef = 87E9553C16C0000D0067F4DF /* SummarizeGameViewController_iPhone.xib */; };
		87E9554116C0005C0067F4DF /* PlayersGameSettingsViewController.m in Sources */ = {isa = PBXBuildFile; fileRef = 87E9554016C0005C0067F4DF /* PlayersGameSettingsViewController.m */; };
		87E9554516C000790067F4DF /* PlayersGameSettingsViewController_iPhone.m in Sources */ = {isa = PBXBuildFile; fileRef = 87E9554316C000790067F4DF /* PlayersGameSettingsViewController_iPhone.m */; };
		87E9554616C000790067F4DF /* PlayersGameSettingsViewController_iPhone.xib in Resources */ = {isa = PBXBuildFile; fileRef = 87E9554416C000790067F4DF /* PlayersGameSettingsViewController_iPhone.xib */; };
		87E9554D16C01EAB0067F4DF /* BidSelectionData.m in Sources */ = {isa = PBXBuildFile; fileRef = 87E9554C16C01EAB0067F4DF /* BidSelectionData.m */; };
		87E9555416C0258F0067F4DF /* Die1.png in Resources */ = {isa = PBXBuildFile; fileRef = 87E9554E16C0258F0067F4DF /* Die1.png */; };
		87E9555516C0258F0067F4DF /* Die2.png in Resources */ = {isa = PBXBuildFile; fileRef = 87E9554F16C0258F0067F4DF /* Die2.png */; };
		87E9555616C0258F0067F4DF /* Die3.png in Resources */ = {isa = PBXBuildFile; fileRef = 87E9555016C0258F0067F4DF /* Die3.png */; };
		87E9555716C0258F0067F4DF /* Die4.png in Resources */ = {isa = PBXBuildFile; fileRef = 87E9555116C0258F0067F4DF /* Die4.png */; };
		87E9555816C0258F0067F4DF /* Die5.png in Resources */ = {isa = PBXBuildFile; fileRef = 87E9555216C0258F0067F4DF /* Die5.png */; };
		87E9555916C0258F0067F4DF /* Die6.png in Resources */ = {isa = PBXBuildFile; fileRef = 87E9555316C0258F0067F4DF /* Die6.png */; };
		87F4730016BBFFF7009E90B5 /* RollForFirstPlayViewController.mm in Sources */ = {isa = PBXBuildFile; fileRef = 87F472FF16BBFFF7009E90B5 /* RollForFirstPlayViewController.mm */; };
		87F4730C16BC01A6009E90B5 /* PlayersShowDiceViewController.mm in Sources */ = {isa = PBXBuildFile; fileRef = 87F4730B16BC01A5009E90B5 /* PlayersShowDiceViewController.mm */; };
		87F4730F16BC01D0009E90B5 /* SummarizeRoundViewController.mm in Sources */ = {isa = PBXBuildFile; fileRef = 87F4730E16BC01D0009E90B5 /* SummarizeRoundViewController.mm */; };
		87F4731C16BC03F0009E90B5 /* StartViewController_iPhone.m in Sources */ = {isa = PBXBuildFile; fileRef = 87F4731A16BC03F0009E90B5 /* StartViewController_iPhone.m */; };
		87F4731D16BC03F0009E90B5 /* StartViewController_iPhone.xib in Resources */ = {isa = PBXBuildFile; fileRef = 87F4731B16BC03F0009E90B5 /* StartViewController_iPhone.xib */; };
		87F4732116BC052D009E90B5 /* SetUserNameViewController_iPhone.m in Sources */ = {isa = PBXBuildFile; fileRef = 87F4731F16BC052D009E90B5 /* SetUserNameViewController_iPhone.m */; };
		87F4732216BC052D009E90B5 /* SetUserNameViewController_iPhone.xib in Resources */ = {isa = PBXBuildFile; fileRef = 87F4732016BC052D009E90B5 /* SetUserNameViewController_iPhone.xib */; };
		87F4733D16BC0664009E90B5 /* RollForFirstPlayViewController_iPhone.m in Sources */ = {isa = PBXBuildFile; fileRef = 87F4733B16BC0664009E90B5 /* RollForFirstPlayViewController_iPhone.m */; };
		87F4733E16BC0664009E90B5 /* RollForFirstPlayViewController_iPhone.xib in Resources */ = {isa = PBXBuildFile; fileRef = 87F4733C16BC0664009E90B5 /* RollForFirstPlayViewController_iPhone.xib */; };
		87F4735116BC06E6009E90B5 /* PlayersShowDiceViewController_iPhone.m in Sources */ = {isa = PBXBuildFile; fileRef = 87F4734F16BC06E6009E90B5 /* PlayersShowDiceViewController_iPhone.m */; };
		87F4735216BC06E6009E90B5 /* PlayersShowDiceViewController_iPhone.xib in Resources */ = {isa = PBXBuildFile; fileRef = 87F4735016BC06E6009E90B5 /* PlayersShowDiceViewController_iPhone.xib */; };
		87F4735616BC0714009E90B5 /* SummarizeRoundViewController_iPhone.m in Sources */ = {isa = PBXBuildFile; fileRef = 87F4735416BC0714009E90B5 /* SummarizeRoundViewController_iPhone.m */; };
		87F4735716BC0714009E90B5 /* SummarizeRoundViewController_iPhone.xib in Resources */ = {isa = PBXBuildFile; fileRef = 87F4735516BC0714009E90B5 /* SummarizeRoundViewController_iPhone.xib */; };
		87F4736516BC82DF009E90B5 /* EasyTableView.m in Sources */ = {isa = PBXBuildFile; fileRef = 87F4736416BC82DF009E90B5 /* EasyTableView.m */; };
/* End PBXBuildFile section */

/* Begin PBXContainerItemProxy section */
		87E6029B16BB470B008E5457 /* PBXContainerItemProxy */ = {
			isa = PBXContainerItemProxy;
			containerPortal = 87E6026E16BB470B008E5457 /* Project object */;
			proxyType = 1;
			remoteGlobalIDString = 87E6027516BB470B008E5457;
			remoteInfo = LiarsDice;
		};
/* End PBXContainerItemProxy section */

/* Begin PBXFileReference section */
		872CA62316C05D930056AF23 /* LD_Bracket_1.png */ = {isa = PBXFileReference; lastKnownFileType = image.png; name = LD_Bracket_1.png; path = ../../../../Resources/LiarsDice/LD_Bracket_1.png; sourceTree = SOURCE_ROOT; };
		872CA62416C05D930056AF23 /* LD_Curtain_Blank_1.png */ = {isa = PBXFileReference; lastKnownFileType = image.png; name = LD_Curtain_Blank_1.png; path = ../../../../Resources/LiarsDice/LD_Curtain_Blank_1.png; sourceTree = SOURCE_ROOT; };
		872CA62716C05DB60056AF23 /* LD_DiceScroll_1.png */ = {isa = PBXFileReference; lastKnownFileType = image.png; name = LD_DiceScroll_1.png; path = ../../../../../Resources/LiarsDice/LD_DiceScroll_1.png; sourceTree = "<group>"; };
		872CA62816C05DB60056AF23 /* LD_DiceScroll_2.png */ = {isa = PBXFileReference; lastKnownFileType = image.png; name = LD_DiceScroll_2.png; path = ../../../../../Resources/LiarsDice/LD_DiceScroll_2.png; sourceTree = "<group>"; };
		872CA62916C05DB60056AF23 /* LD_DiceScroll_3.png */ = {isa = PBXFileReference; lastKnownFileType = image.png; name = LD_DiceScroll_3.png; path = ../../../../../Resources/LiarsDice/LD_DiceScroll_3.png; sourceTree = "<group>"; };
		872CA62A16C05DB60056AF23 /* LD_DiceScroll_4.png */ = {isa = PBXFileReference; lastKnownFileType = image.png; name = LD_DiceScroll_4.png; path = ../../../../../Resources/LiarsDice/LD_DiceScroll_4.png; sourceTree = "<group>"; };
		872CA62B16C05DB60056AF23 /* LD_DiceScroll_5.png */ = {isa = PBXFileReference; lastKnownFileType = image.png; name = LD_DiceScroll_5.png; path = ../../../../../Resources/LiarsDice/LD_DiceScroll_5.png; sourceTree = "<group>"; };
		872CA62C16C05DB60056AF23 /* LD_DiceScroll_6.png */ = {isa = PBXFileReference; lastKnownFileType = image.png; name = LD_DiceScroll_6.png; path = ../../../../../Resources/LiarsDice/LD_DiceScroll_6.png; sourceTree = "<group>"; };
		872CA62D16C05DB60056AF23 /* LD_DiceScroll_7.png */ = {isa = PBXFileReference; lastKnownFileType = image.png; name = LD_DiceScroll_7.png; path = ../../../../../Resources/LiarsDice/LD_DiceScroll_7.png; sourceTree = "<group>"; };
		872CA63516C05DC20056AF23 /* LD_TumblerBackdrop_1.png */ = {isa = PBXFileReference; lastKnownFileType = image.png; name = LD_TumblerBackdrop_1.png; path = ../../../../../Resources/LiarsDice/LD_TumblerBackdrop_1.png; sourceTree = "<group>"; };
		872CA63716C14CCB0056AF23 /* RoundPlayViewController.h */ = {isa = PBXFileReference; fileEncoding = 4; lastKnownFileType = sourcecode.c.h; path = RoundPlayViewController.h; sourceTree = "<group>"; };
		872CA63816C14CCB0056AF23 /* RoundPlayViewController.m */ = {isa = PBXFileReference; fileEncoding = 4; lastKnownFileType = sourcecode.c.objc; path = RoundPlayViewController.m; sourceTree = "<group>"; };
		872CA63A16C14CF30056AF23 /* RoundPlayViewController_iPhone.h */ = {isa = PBXFileReference; fileEncoding = 4; lastKnownFileType = sourcecode.c.h; path = RoundPlayViewController_iPhone.h; sourceTree = "<group>"; };
		872CA63B16C14CF40056AF23 /* RoundPlayViewController_iPhone.m */ = {isa = PBXFileReference; fileEncoding = 4; lastKnownFileType = sourcecode.c.objc; path = RoundPlayViewController_iPhone.m; sourceTree = "<group>"; };
		872CA63C16C14CF60056AF23 /* RoundPlayViewController_iPhone.xib */ = {isa = PBXFileReference; fileEncoding = 4; lastKnownFileType = file.xib; path = RoundPlayViewController_iPhone.xib; sourceTree = "<group>"; };
		87B09BA716C27C8C006F6E81 /* GeneralSettingsViewController.h */ = {isa = PBXFileReference; fileEncoding = 4; lastKnownFileType = sourcecode.c.h; path = GeneralSettingsViewController.h; sourceTree = "<group>"; };
		87B09BA816C27C8C006F6E81 /* GeneralSettingsViewController.m */ = {isa = PBXFileReference; fileEncoding = 4; lastKnownFileType = sourcecode.c.objc; path = GeneralSettingsViewController.m; sourceTree = "<group>"; };
		87B09BAA16C27CB0006F6E81 /* GeneralSettingsViewController_iPhone.h */ = {isa = PBXFileReference; fileEncoding = 4; lastKnownFileType = sourcecode.c.h; path = GeneralSettingsViewController_iPhone.h; sourceTree = "<group>"; };
		87B09BAB16C27CB0006F6E81 /* GeneralSettingsViewController_iPhone.m */ = {isa = PBXFileReference; fileEncoding = 4; lastKnownFileType = sourcecode.c.objc; path = GeneralSettingsViewController_iPhone.m; sourceTree = "<group>"; };
		87B09BAC16C27CB0006F6E81 /* GeneralSettingsViewController_iPhone.xib */ = {isa = PBXFileReference; fileEncoding = 4; lastKnownFileType = file.xib; path = GeneralSettingsViewController_iPhone.xib; sourceTree = "<group>"; };
		87E6027616BB470B008E5457 /* LiarsDice.app */ = {isa = PBXFileReference; explicitFileType = wrapper.application; includeInIndex = 0; path = LiarsDice.app; sourceTree = BUILT_PRODUCTS_DIR; };
		87E6027916BB470B008E5457 /* UIKit.framework */ = {isa = PBXFileReference; lastKnownFileType = wrapper.framework; name = UIKit.framework; path = System/Library/Frameworks/UIKit.framework; sourceTree = SDKROOT; };
		87E6027B16BB470B008E5457 /* Foundation.framework */ = {isa = PBXFileReference; lastKnownFileType = wrapper.framework; name = Foundation.framework; path = System/Library/Frameworks/Foundation.framework; sourceTree = SDKROOT; };
		87E6027D16BB470B008E5457 /* CoreGraphics.framework */ = {isa = PBXFileReference; lastKnownFileType = wrapper.framework; name = CoreGraphics.framework; path = System/Library/Frameworks/CoreGraphics.framework; sourceTree = SDKROOT; };
		87E6028116BB470B008E5457 /* LiarsDice-Info.plist */ = {isa = PBXFileReference; lastKnownFileType = text.plist.xml; path = "LiarsDice-Info.plist"; sourceTree = "<group>"; };
		87E6028316BB470B008E5457 /* en */ = {isa = PBXFileReference; lastKnownFileType = text.plist.strings; name = en; path = en.lproj/InfoPlist.strings; sourceTree = "<group>"; };
		87E6028516BB470B008E5457 /* main.m */ = {isa = PBXFileReference; lastKnownFileType = sourcecode.c.objc; path = main.m; sourceTree = "<group>"; };
		87E6028716BB470B008E5457 /* LiarsDice-Prefix.pch */ = {isa = PBXFileReference; lastKnownFileType = sourcecode.c.h; path = "LiarsDice-Prefix.pch"; sourceTree = "<group>"; };
		87E6028816BB470B008E5457 /* AppDelegate.h */ = {isa = PBXFileReference; lastKnownFileType = sourcecode.c.h; path = AppDelegate.h; sourceTree = "<group>"; };
		87E6028916BB470B008E5457 /* AppDelegate.m */ = {isa = PBXFileReference; lastKnownFileType = sourcecode.c.objc; path = AppDelegate.m; sourceTree = "<group>"; };
		87E6028B16BB470B008E5457 /* Default.png */ = {isa = PBXFileReference; lastKnownFileType = image.png; name = Default.png; path = ../../../../Resources/LiarsDice/Default.png; sourceTree = SOURCE_ROOT; };
		87E6028D16BB470B008E5457 /* Default@2x.png */ = {isa = PBXFileReference; lastKnownFileType = image.png; name = "Default@2x.png"; path = "../../../../Resources/LiarsDice/Default@2x.png"; sourceTree = SOURCE_ROOT; };
		87E6028F16BB470B008E5457 /* Default-568h@2x.png */ = {isa = PBXFileReference; lastKnownFileType = image.png; name = "Default-568h@2x.png"; path = "../../../../../Resources/LiarsDice/Default-568h@2x.png"; sourceTree = "<group>"; };
		87E6029616BB470B008E5457 /* LiarsDiceTests.octest */ = {isa = PBXFileReference; explicitFileType = wrapper.cfbundle; includeInIndex = 0; path = LiarsDiceTests.octest; sourceTree = BUILT_PRODUCTS_DIR; };
		87E6029716BB470B008E5457 /* SenTestingKit.framework */ = {isa = PBXFileReference; lastKnownFileType = wrapper.framework; name = SenTestingKit.framework; path = Library/Frameworks/SenTestingKit.framework; sourceTree = DEVELOPER_DIR; };
		87E6029F16BB470B008E5457 /* LiarsDiceTests-Info.plist */ = {isa = PBXFileReference; lastKnownFileType = text.plist.xml; path = "LiarsDiceTests-Info.plist"; sourceTree = "<group>"; };
		87E602A116BB470B008E5457 /* en */ = {isa = PBXFileReference; lastKnownFileType = text.plist.strings; name = en; path = en.lproj/InfoPlist.strings; sourceTree = "<group>"; };
		87E602A316BB470B008E5457 /* LiarsDiceTests.h */ = {isa = PBXFileReference; lastKnownFileType = sourcecode.c.h; path = LiarsDiceTests.h; sourceTree = "<group>"; };
		87E602A416BB470B008E5457 /* LiarsDiceTests.m */ = {isa = PBXFileReference; lastKnownFileType = sourcecode.c.objc; path = LiarsDiceTests.m; sourceTree = "<group>"; };
		87E602B016BB47E7008E5457 /* StartViewController.h */ = {isa = PBXFileReference; fileEncoding = 4; lastKnownFileType = sourcecode.c.h; path = StartViewController.h; sourceTree = "<group>"; };
		87E602B116BB47E7008E5457 /* StartViewController.m */ = {isa = PBXFileReference; fileEncoding = 4; lastKnownFileType = sourcecode.c.objc; path = StartViewController.m; sourceTree = "<group>"; };
		87E602B916BB4949008E5457 /* SetUserNameViewController.h */ = {isa = PBXFileReference; fileEncoding = 4; lastKnownFileType = sourcecode.c.h; path = SetUserNameViewController.h; sourceTree = "<group>"; };
		87E602BA16BB4949008E5457 /* SetUserNameViewController.mm */ = {isa = PBXFileReference; fileEncoding = 4; lastKnownFileType = sourcecode.cpp.objcpp; path = SetUserNameViewController.mm; sourceTree = "<group>"; };
		87E9551F16BFFEB00067F4DF /* LiarsDiceLobbyViewController.h */ = {isa = PBXFileReference; fileEncoding = 4; lastKnownFileType = sourcecode.c.h; path = LiarsDiceLobbyViewController.h; sourceTree = "<group>"; };
		87E9552016BFFEB00067F4DF /* LiarsDiceLobbyViewController.m */ = {isa = PBXFileReference; fileEncoding = 4; lastKnownFileType = sourcecode.c.objc; path = LiarsDiceLobbyViewController.m; sourceTree = "<group>"; };
		87E9552216BFFEE80067F4DF /* LiarsDiceLobbyViewController_iPhone.h */ = {isa = PBXFileReference; fileEncoding = 4; lastKnownFileType = sourcecode.c.h; path = LiarsDiceLobbyViewController_iPhone.h; sourceTree = "<group>"; };
		87E9552316BFFEE80067F4DF /* LiarsDiceLobbyViewController_iPhone.m */ = {isa = PBXFileReference; fileEncoding = 4; lastKnownFileType = sourcecode.c.objc; path = LiarsDiceLobbyViewController_iPhone.m; sourceTree = "<group>"; };
		87E9552416BFFEE80067F4DF /* LiarsDiceLobbyViewController_iPhone.xib */ = {isa = PBXFileReference; fileEncoding = 4; lastKnownFileType = file.xib; path = LiarsDiceLobbyViewController_iPhone.xib; sourceTree = "<group>"; };
		87E9552716BFFF180067F4DF /* GameSetupViewController.h */ = {isa = PBXFileReference; fileEncoding = 4; lastKnownFileType = sourcecode.c.h; path = GameSetupViewController.h; sourceTree = "<group>"; };
		87E9552816BFFF180067F4DF /* GameSetupViewController.m */ = {isa = PBXFileReference; fileEncoding = 4; lastKnownFileType = sourcecode.c.objc; path = GameSetupViewController.m; sourceTree = "<group>"; };
		87E9552A16BFFF4C0067F4DF /* GameSetupViewController_iPhone.h */ = {isa = PBXFileReference; fileEncoding = 4; lastKnownFileType = sourcecode.c.h; path = GameSetupViewController_iPhone.h; sourceTree = "<group>"; };
		87E9552B16BFFF4C0067F4DF /* GameSetupViewController_iPhone.m */ = {isa = PBXFileReference; fileEncoding = 4; lastKnownFileType = sourcecode.c.objc; path = GameSetupViewController_iPhone.m; sourceTree = "<group>"; };
		87E9552C16BFFF4C0067F4DF /* GameSetupViewController_iPhone.xib */ = {isa = PBXFileReference; fileEncoding = 4; lastKnownFileType = file.xib; path = GameSetupViewController_iPhone.xib; sourceTree = "<group>"; };
		87E9552F16BFFF850067F4DF /* GameStartLobbyViewController.h */ = {isa = PBXFileReference; fileEncoding = 4; lastKnownFileType = sourcecode.c.h; path = GameStartLobbyViewController.h; sourceTree = "<group>"; };
		87E9553016BFFF850067F4DF /* GameStartLobbyViewController.m */ = {isa = PBXFileReference; fileEncoding = 4; lastKnownFileType = sourcecode.c.objc; path = GameStartLobbyViewController.m; sourceTree = "<group>"; };
		87E9553216BFFFAF0067F4DF /* GameStartLobbyViewController_iPhone.h */ = {isa = PBXFileReference; fileEncoding = 4; lastKnownFileType = sourcecode.c.h; path = GameStartLobbyViewController_iPhone.h; sourceTree = "<group>"; };
		87E9553316BFFFAF0067F4DF /* GameStartLobbyViewController_iPhone.m */ = {isa = PBXFileReference; fileEncoding = 4; lastKnownFileType = sourcecode.c.objc; path = GameStartLobbyViewController_iPhone.m; sourceTree = "<group>"; };
		87E9553416BFFFAF0067F4DF /* GameStartLobbyViewController_iPhone.xib */ = {isa = PBXFileReference; fileEncoding = 4; lastKnownFileType = file.xib; path = GameStartLobbyViewController_iPhone.xib; sourceTree = "<group>"; };
		87E9553716BFFFED0067F4DF /* SummarizeGameViewController.h */ = {isa = PBXFileReference; fileEncoding = 4; lastKnownFileType = sourcecode.c.h; path = SummarizeGameViewController.h; sourceTree = "<group>"; };
		87E9553816BFFFED0067F4DF /* SummarizeGameViewController.m */ = {isa = PBXFileReference; fileEncoding = 4; lastKnownFileType = sourcecode.c.objc; path = SummarizeGameViewController.m; sourceTree = "<group>"; };
		87E9553A16C0000D0067F4DF /* SummarizeGameViewController_iPhone.h */ = {isa = PBXFileReference; fileEncoding = 4; lastKnownFileType = sourcecode.c.h; path = SummarizeGameViewController_iPhone.h; sourceTree = "<group>"; };
		87E9553B16C0000D0067F4DF /* SummarizeGameViewController_iPhone.m */ = {isa = PBXFileReference; fileEncoding = 4; lastKnownFileType = sourcecode.c.objc; path = SummarizeGameViewController_iPhone.m; sourceTree = "<group>"; };
		87E9553C16C0000D0067F4DF /* SummarizeGameViewController_iPhone.xib */ = {isa = PBXFileReference; fileEncoding = 4; lastKnownFileType = file.xib; path = SummarizeGameViewController_iPhone.xib; sourceTree = "<group>"; };
		87E9553F16C0005C0067F4DF /* PlayersGameSettingsViewController.h */ = {isa = PBXFileReference; fileEncoding = 4; lastKnownFileType = sourcecode.c.h; path = PlayersGameSettingsViewController.h; sourceTree = "<group>"; };
		87E9554016C0005C0067F4DF /* PlayersGameSettingsViewController.m */ = {isa = PBXFileReference; fileEncoding = 4; lastKnownFileType = sourcecode.c.objc; path = PlayersGameSettingsViewController.m; sourceTree = "<group>"; };
		87E9554216C000790067F4DF /* PlayersGameSettingsViewController_iPhone.h */ = {isa = PBXFileReference; fileEncoding = 4; lastKnownFileType = sourcecode.c.h; path = PlayersGameSettingsViewController_iPhone.h; sourceTree = "<group>"; };
		87E9554316C000790067F4DF /* PlayersGameSettingsViewController_iPhone.m */ = {isa = PBXFileReference; fileEncoding = 4; lastKnownFileType = sourcecode.c.objc; path = PlayersGameSettingsViewController_iPhone.m; sourceTree = "<group>"; };
		87E9554416C000790067F4DF /* PlayersGameSettingsViewController_iPhone.xib */ = {isa = PBXFileReference; fileEncoding = 4; lastKnownFileType = file.xib; path = PlayersGameSettingsViewController_iPhone.xib; sourceTree = "<group>"; };
		87E9554B16C01EAB0067F4DF /* BidSelectionData.h */ = {isa = PBXFileReference; fileEncoding = 4; lastKnownFileType = sourcecode.c.h; path = BidSelectionData.h; sourceTree = "<group>"; };
		87E9554C16C01EAB0067F4DF /* BidSelectionData.m */ = {isa = PBXFileReference; fileEncoding = 4; lastKnownFileType = sourcecode.c.objc; path = BidSelectionData.m; sourceTree = "<group>"; };
		87E9554E16C0258F0067F4DF /* Die1.png */ = {isa = PBXFileReference; lastKnownFileType = image.png; name = Die1.png; path = ../../../../Resources/LiarsDice/Die1.png; sourceTree = SOURCE_ROOT; };
		87E9554F16C0258F0067F4DF /* Die2.png */ = {isa = PBXFileReference; lastKnownFileType = image.png; name = Die2.png; path = ../../../../Resources/LiarsDice/Die2.png; sourceTree = SOURCE_ROOT; };
		87E9555016C0258F0067F4DF /* Die3.png */ = {isa = PBXFileReference; lastKnownFileType = image.png; name = Die3.png; path = ../../../../Resources/LiarsDice/Die3.png; sourceTree = SOURCE_ROOT; };
		87E9555116C0258F0067F4DF /* Die4.png */ = {isa = PBXFileReference; lastKnownFileType = image.png; name = Die4.png; path = ../../../../Resources/LiarsDice/Die4.png; sourceTree = SOURCE_ROOT; };
		87E9555216C0258F0067F4DF /* Die5.png */ = {isa = PBXFileReference; lastKnownFileType = image.png; name = Die5.png; path = ../../../../Resources/LiarsDice/Die5.png; sourceTree = SOURCE_ROOT; };
		87E9555316C0258F0067F4DF /* Die6.png */ = {isa = PBXFileReference; lastKnownFileType = image.png; name = Die6.png; path = ../../../../Resources/LiarsDice/Die6.png; sourceTree = SOURCE_ROOT; };
		87F472FE16BBFFF7009E90B5 /* RollForFirstPlayViewController.h */ = {isa = PBXFileReference; fileEncoding = 4; lastKnownFileType = sourcecode.c.h; path = RollForFirstPlayViewController.h; sourceTree = "<group>"; };
		87F472FF16BBFFF7009E90B5 /* RollForFirstPlayViewController.mm */ = {isa = PBXFileReference; fileEncoding = 4; lastKnownFileType = sourcecode.cpp.objcpp; path = RollForFirstPlayViewController.mm; sourceTree = "<group>"; };
		87F4730A16BC01A5009E90B5 /* PlayersShowDiceViewController.h */ = {isa = PBXFileReference; fileEncoding = 4; lastKnownFileType = sourcecode.c.h; path = PlayersShowDiceViewController.h; sourceTree = "<group>"; };
		87F4730B16BC01A5009E90B5 /* PlayersShowDiceViewController.mm */ = {isa = PBXFileReference; fileEncoding = 4; lastKnownFileType = sourcecode.cpp.objcpp; path = PlayersShowDiceViewController.mm; sourceTree = "<group>"; };
		87F4730D16BC01D0009E90B5 /* SummarizeRoundViewController.h */ = {isa = PBXFileReference; fileEncoding = 4; lastKnownFileType = sourcecode.c.h; path = SummarizeRoundViewController.h; sourceTree = "<group>"; };
		87F4730E16BC01D0009E90B5 /* SummarizeRoundViewController.mm */ = {isa = PBXFileReference; fileEncoding = 4; lastKnownFileType = sourcecode.cpp.objcpp; path = SummarizeRoundViewController.mm; sourceTree = "<group>"; };
		87F4731916BC03F0009E90B5 /* StartViewController_iPhone.h */ = {isa = PBXFileReference; fileEncoding = 4; lastKnownFileType = sourcecode.c.h; path = StartViewController_iPhone.h; sourceTree = "<group>"; };
		87F4731A16BC03F0009E90B5 /* StartViewController_iPhone.m */ = {isa = PBXFileReference; fileEncoding = 4; lastKnownFileType = sourcecode.c.objc; path = StartViewController_iPhone.m; sourceTree = "<group>"; };
		87F4731B16BC03F0009E90B5 /* StartViewController_iPhone.xib */ = {isa = PBXFileReference; fileEncoding = 4; lastKnownFileType = file.xib; path = StartViewController_iPhone.xib; sourceTree = "<group>"; };
		87F4731E16BC052D009E90B5 /* SetUserNameViewController_iPhone.h */ = {isa = PBXFileReference; fileEncoding = 4; lastKnownFileType = sourcecode.c.h; path = SetUserNameViewController_iPhone.h; sourceTree = "<group>"; };
		87F4731F16BC052D009E90B5 /* SetUserNameViewController_iPhone.m */ = {isa = PBXFileReference; fileEncoding = 4; lastKnownFileType = sourcecode.c.objc; path = SetUserNameViewController_iPhone.m; sourceTree = "<group>"; };
		87F4732016BC052D009E90B5 /* SetUserNameViewController_iPhone.xib */ = {isa = PBXFileReference; fileEncoding = 4; lastKnownFileType = file.xib; path = SetUserNameViewController_iPhone.xib; sourceTree = "<group>"; };
		87F4733A16BC0663009E90B5 /* RollForFirstPlayViewController_iPhone.h */ = {isa = PBXFileReference; fileEncoding = 4; lastKnownFileType = sourcecode.c.h; path = RollForFirstPlayViewController_iPhone.h; sourceTree = "<group>"; };
		87F4733B16BC0664009E90B5 /* RollForFirstPlayViewController_iPhone.m */ = {isa = PBXFileReference; fileEncoding = 4; lastKnownFileType = sourcecode.c.objc; path = RollForFirstPlayViewController_iPhone.m; sourceTree = "<group>"; };
		87F4733C16BC0664009E90B5 /* RollForFirstPlayViewController_iPhone.xib */ = {isa = PBXFileReference; fileEncoding = 4; lastKnownFileType = file.xib; path = RollForFirstPlayViewController_iPhone.xib; sourceTree = "<group>"; };
		87F4734E16BC06E5009E90B5 /* PlayersShowDiceViewController_iPhone.h */ = {isa = PBXFileReference; fileEncoding = 4; lastKnownFileType = sourcecode.c.h; path = PlayersShowDiceViewController_iPhone.h; sourceTree = "<group>"; };
		87F4734F16BC06E6009E90B5 /* PlayersShowDiceViewController_iPhone.m */ = {isa = PBXFileReference; fileEncoding = 4; lastKnownFileType = sourcecode.c.objc; path = PlayersShowDiceViewController_iPhone.m; sourceTree = "<group>"; };
		87F4735016BC06E6009E90B5 /* PlayersShowDiceViewController_iPhone.xib */ = {isa = PBXFileReference; fileEncoding = 4; lastKnownFileType = file.xib; path = PlayersShowDiceViewController_iPhone.xib; sourceTree = "<group>"; };
		87F4735316BC0713009E90B5 /* SummarizeRoundViewController_iPhone.h */ = {isa = PBXFileReference; fileEncoding = 4; lastKnownFileType = sourcecode.c.h; path = SummarizeRoundViewController_iPhone.h; sourceTree = "<group>"; };
		87F4735416BC0714009E90B5 /* SummarizeRoundViewController_iPhone.m */ = {isa = PBXFileReference; fileEncoding = 4; lastKnownFileType = sourcecode.c.objc; path = SummarizeRoundViewController_iPhone.m; sourceTree = "<group>"; };
		87F4735516BC0714009E90B5 /* SummarizeRoundViewController_iPhone.xib */ = {isa = PBXFileReference; fileEncoding = 4; lastKnownFileType = file.xib; path = SummarizeRoundViewController_iPhone.xib; sourceTree = "<group>"; };
		87F4736316BC82DF009E90B5 /* EasyTableView.h */ = {isa = PBXFileReference; fileEncoding = 4; lastKnownFileType = sourcecode.c.h; path = EasyTableView.h; sourceTree = "<group>"; };
		87F4736416BC82DF009E90B5 /* EasyTableView.m */ = {isa = PBXFileReference; fileEncoding = 4; lastKnownFileType = sourcecode.c.objc; path = EasyTableView.m; sourceTree = "<group>"; };
/* End PBXFileReference section */

/* Begin PBXFrameworksBuildPhase section */
		87E6027316BB470B008E5457 /* Frameworks */ = {
			isa = PBXFrameworksBuildPhase;
			buildActionMask = 2147483647;
			files = (
				87E6027A16BB470B008E5457 /* UIKit.framework in Frameworks */,
				87E6027C16BB470B008E5457 /* Foundation.framework in Frameworks */,
				87E6027E16BB470B008E5457 /* CoreGraphics.framework in Frameworks */,
			);
			runOnlyForDeploymentPostprocessing = 0;
		};
		87E6029216BB470B008E5457 /* Frameworks */ = {
			isa = PBXFrameworksBuildPhase;
			buildActionMask = 2147483647;
			files = (
				87E6029816BB470B008E5457 /* SenTestingKit.framework in Frameworks */,
				87E6029916BB470B008E5457 /* UIKit.framework in Frameworks */,
				87E6029A16BB470B008E5457 /* Foundation.framework in Frameworks */,
			);
			runOnlyForDeploymentPostprocessing = 0;
		};
/* End PBXFrameworksBuildPhase section */

/* Begin PBXGroup section */
		8796C4BF16BFE3F7004708E0 /* ViewControllers */ = {
			isa = PBXGroup;
			children = (
				87E602B016BB47E7008E5457 /* StartViewController.h */,
				87E602B116BB47E7008E5457 /* StartViewController.m */,
				87B09BA716C27C8C006F6E81 /* GeneralSettingsViewController.h */,
				87B09BA816C27C8C006F6E81 /* GeneralSettingsViewController.m */,
				87E602B916BB4949008E5457 /* SetUserNameViewController.h */,
				87E602BA16BB4949008E5457 /* SetUserNameViewController.mm */,
				87E9551F16BFFEB00067F4DF /* LiarsDiceLobbyViewController.h */,
				87E9552016BFFEB00067F4DF /* LiarsDiceLobbyViewController.m */,
				87E9552716BFFF180067F4DF /* GameSetupViewController.h */,
				87E9552816BFFF180067F4DF /* GameSetupViewController.m */,
				87E9552F16BFFF850067F4DF /* GameStartLobbyViewController.h */,
				87E9553016BFFF850067F4DF /* GameStartLobbyViewController.m */,
				87F472FE16BBFFF7009E90B5 /* RollForFirstPlayViewController.h */,
				87F472FF16BBFFF7009E90B5 /* RollForFirstPlayViewController.mm */,
				872CA63716C14CCB0056AF23 /* RoundPlayViewController.h */,
				872CA63816C14CCB0056AF23 /* RoundPlayViewController.m */,
				87F4730A16BC01A5009E90B5 /* PlayersShowDiceViewController.h */,
				87F4730B16BC01A5009E90B5 /* PlayersShowDiceViewController.mm */,
				87F4730D16BC01D0009E90B5 /* SummarizeRoundViewController.h */,
				87F4730E16BC01D0009E90B5 /* SummarizeRoundViewController.mm */,
				87E9553716BFFFED0067F4DF /* SummarizeGameViewController.h */,
				87E9553816BFFFED0067F4DF /* SummarizeGameViewController.m */,
				87E9553F16C0005C0067F4DF /* PlayersGameSettingsViewController.h */,
				87E9554016C0005C0067F4DF /* PlayersGameSettingsViewController.m */,
			);
			name = ViewControllers;
			sourceTree = "<group>";
		};
		8796C4C116BFE464004708E0 /* ViewControllers */ = {
			isa = PBXGroup;
			children = (
				87F4731916BC03F0009E90B5 /* StartViewController_iPhone.h */,
				87F4731A16BC03F0009E90B5 /* StartViewController_iPhone.m */,
				87F4731B16BC03F0009E90B5 /* StartViewController_iPhone.xib */,
				87B09BAA16C27CB0006F6E81 /* GeneralSettingsViewController_iPhone.h */,
				87B09BAB16C27CB0006F6E81 /* GeneralSettingsViewController_iPhone.m */,
				87B09BAC16C27CB0006F6E81 /* GeneralSettingsViewController_iPhone.xib */,
				87F4731E16BC052D009E90B5 /* SetUserNameViewController_iPhone.h */,
				87F4731F16BC052D009E90B5 /* SetUserNameViewController_iPhone.m */,
				87F4732016BC052D009E90B5 /* SetUserNameViewController_iPhone.xib */,
				87E9552216BFFEE80067F4DF /* LiarsDiceLobbyViewController_iPhone.h */,
				87E9552316BFFEE80067F4DF /* LiarsDiceLobbyViewController_iPhone.m */,
				87E9552416BFFEE80067F4DF /* LiarsDiceLobbyViewController_iPhone.xib */,
				87E9552A16BFFF4C0067F4DF /* GameSetupViewController_iPhone.h */,
				87E9552B16BFFF4C0067F4DF /* GameSetupViewController_iPhone.m */,
				87E9552C16BFFF4C0067F4DF /* GameSetupViewController_iPhone.xib */,
				87E9553216BFFFAF0067F4DF /* GameStartLobbyViewController_iPhone.h */,
				87E9553316BFFFAF0067F4DF /* GameStartLobbyViewController_iPhone.m */,
				87E9553416BFFFAF0067F4DF /* GameStartLobbyViewController_iPhone.xib */,
				87F4733A16BC0663009E90B5 /* RollForFirstPlayViewController_iPhone.h */,
				87F4733B16BC0664009E90B5 /* RollForFirstPlayViewController_iPhone.m */,
				87F4733C16BC0664009E90B5 /* RollForFirstPlayViewController_iPhone.xib */,
				872CA63A16C14CF30056AF23 /* RoundPlayViewController_iPhone.h */,
				872CA63B16C14CF40056AF23 /* RoundPlayViewController_iPhone.m */,
				872CA63C16C14CF60056AF23 /* RoundPlayViewController_iPhone.xib */,
				87F4734E16BC06E5009E90B5 /* PlayersShowDiceViewController_iPhone.h */,
				87F4734F16BC06E6009E90B5 /* PlayersShowDiceViewController_iPhone.m */,
				87F4735016BC06E6009E90B5 /* PlayersShowDiceViewController_iPhone.xib */,
				87F4735316BC0713009E90B5 /* SummarizeRoundViewController_iPhone.h */,
				87F4735416BC0714009E90B5 /* SummarizeRoundViewController_iPhone.m */,
				87F4735516BC0714009E90B5 /* SummarizeRoundViewController_iPhone.xib */,
				87E9553A16C0000D0067F4DF /* SummarizeGameViewController_iPhone.h */,
				87E9553B16C0000D0067F4DF /* SummarizeGameViewController_iPhone.m */,
				87E9553C16C0000D0067F4DF /* SummarizeGameViewController_iPhone.xib */,
				87E9554216C000790067F4DF /* PlayersGameSettingsViewController_iPhone.h */,
				87E9554316C000790067F4DF /* PlayersGameSettingsViewController_iPhone.m */,
				87E9554416C000790067F4DF /* PlayersGameSettingsViewController_iPhone.xib */,
			);
			name = ViewControllers;
			sourceTree = "<group>";
		};
		87E6026D16BB470B008E5457 = {
			isa = PBXGroup;
			children = (
				87E6027F16BB470B008E5457 /* LiarsDice */,
				87E6029D16BB470B008E5457 /* LiarsDiceTests */,
				87E6027816BB470B008E5457 /* Frameworks */,
				87E6027716BB470B008E5457 /* Products */,
			);
			sourceTree = "<group>";
		};
		87E6027716BB470B008E5457 /* Products */ = {
			isa = PBXGroup;
			children = (
				87E6027616BB470B008E5457 /* LiarsDice.app */,
				87E6029616BB470B008E5457 /* LiarsDiceTests.octest */,
			);
			name = Products;
			sourceTree = "<group>";
		};
		87E6027816BB470B008E5457 /* Frameworks */ = {
			isa = PBXGroup;
			children = (
				87E6027916BB470B008E5457 /* UIKit.framework */,
				87E6027B16BB470B008E5457 /* Foundation.framework */,
				87E6027D16BB470B008E5457 /* CoreGraphics.framework */,
				87E6029716BB470B008E5457 /* SenTestingKit.framework */,
			);
			name = Frameworks;
			sourceTree = "<group>";
		};
		87E6027F16BB470B008E5457 /* LiarsDice */ = {
			isa = PBXGroup;
			children = (
				87E9554716C01D390067F4DF /* Models */,
				87E602B316BB47EE008E5457 /* UniversalViews */,
				87E602AF16BB479C008E5457 /* iPad */,
				87E602AE16BB4791008E5457 /* iPhone */,
				87E6028816BB470B008E5457 /* AppDelegate.h */,
				87E6028916BB470B008E5457 /* AppDelegate.m */,
				87E6028016BB470B008E5457 /* Supporting Files */,
			);
			path = LiarsDice;
			sourceTree = "<group>";
		};
		87E6028016BB470B008E5457 /* Supporting Files */ = {
			isa = PBXGroup;
			children = (
				872CA63516C05DC20056AF23 /* LD_TumblerBackdrop_1.png */,
				872CA62716C05DB60056AF23 /* LD_DiceScroll_1.png */,
				872CA62816C05DB60056AF23 /* LD_DiceScroll_2.png */,
				872CA62916C05DB60056AF23 /* LD_DiceScroll_3.png */,
				872CA62A16C05DB60056AF23 /* LD_DiceScroll_4.png */,
				872CA62B16C05DB60056AF23 /* LD_DiceScroll_5.png */,
				872CA62C16C05DB60056AF23 /* LD_DiceScroll_6.png */,
				872CA62D16C05DB60056AF23 /* LD_DiceScroll_7.png */,
				872CA62316C05D930056AF23 /* LD_Bracket_1.png */,
				872CA62416C05D930056AF23 /* LD_Curtain_Blank_1.png */,
				87E9554E16C0258F0067F4DF /* Die1.png */,
				87E9554F16C0258F0067F4DF /* Die2.png */,
				87E9555016C0258F0067F4DF /* Die3.png */,
				87E9555116C0258F0067F4DF /* Die4.png */,
				87E9555216C0258F0067F4DF /* Die5.png */,
				87E9555316C0258F0067F4DF /* Die6.png */,
				87F4736316BC82DF009E90B5 /* EasyTableView.h */,
				87F4736416BC82DF009E90B5 /* EasyTableView.m */,
				87E6028116BB470B008E5457 /* LiarsDice-Info.plist */,
				87E6028216BB470B008E5457 /* InfoPlist.strings */,
				87E6028516BB470B008E5457 /* main.m */,
				87E6028716BB470B008E5457 /* LiarsDice-Prefix.pch */,
				87E6028B16BB470B008E5457 /* Default.png */,
				87E6028D16BB470B008E5457 /* Default@2x.png */,
				87E6028F16BB470B008E5457 /* Default-568h@2x.png */,
			);
			name = "Supporting Files";
			sourceTree = "<group>";
		};
		87E6029D16BB470B008E5457 /* LiarsDiceTests */ = {
			isa = PBXGroup;
			children = (
				87E602A316BB470B008E5457 /* LiarsDiceTests.h */,
				87E602A416BB470B008E5457 /* LiarsDiceTests.m */,
				87E6029E16BB470B008E5457 /* Supporting Files */,
			);
			path = LiarsDiceTests;
			sourceTree = "<group>";
		};
		87E6029E16BB470B008E5457 /* Supporting Files */ = {
			isa = PBXGroup;
			children = (
				87E6029F16BB470B008E5457 /* LiarsDiceTests-Info.plist */,
				87E602A016BB470B008E5457 /* InfoPlist.strings */,
			);
			name = "Supporting Files";
			sourceTree = "<group>";
		};
		87E602AE16BB4791008E5457 /* iPhone */ = {
			isa = PBXGroup;
			children = (
				8796C4C116BFE464004708E0 /* ViewControllers */,
			);
			name = iPhone;
			sourceTree = "<group>";
		};
		87E602AF16BB479C008E5457 /* iPad */ = {
			isa = PBXGroup;
			children = (
			);
			name = iPad;
			sourceTree = "<group>";
		};
		87E602B316BB47EE008E5457 /* UniversalViews */ = {
			isa = PBXGroup;
			children = (
				8796C4BF16BFE3F7004708E0 /* ViewControllers */,
			);
			name = UniversalViews;
			sourceTree = "<group>";
		};
		87E9554716C01D390067F4DF /* Models */ = {
			isa = PBXGroup;
			children = (
				87E9554B16C01EAB0067F4DF /* BidSelectionData.h */,
				87E9554C16C01EAB0067F4DF /* BidSelectionData.m */,
			);
			name = Models;
			sourceTree = "<group>";
		};
/* End PBXGroup section */

/* Begin PBXNativeTarget section */
		87E6027516BB470B008E5457 /* LiarsDice */ = {
			isa = PBXNativeTarget;
			buildConfigurationList = 87E602A816BB470B008E5457 /* Build configuration list for PBXNativeTarget "LiarsDice" */;
			buildPhases = (
				87E6027216BB470B008E5457 /* Sources */,
				87E6027316BB470B008E5457 /* Frameworks */,
				87E6027416BB470B008E5457 /* Resources */,
			);
			buildRules = (
			);
			dependencies = (
			);
			name = LiarsDice;
			productName = LiarsDice;
			productReference = 87E6027616BB470B008E5457 /* LiarsDice.app */;
			productType = "com.apple.product-type.application";
		};
		87E6029516BB470B008E5457 /* LiarsDiceTests */ = {
			isa = PBXNativeTarget;
			buildConfigurationList = 87E602AB16BB470B008E5457 /* Build configuration list for PBXNativeTarget "LiarsDiceTests" */;
			buildPhases = (
				87E6029116BB470B008E5457 /* Sources */,
				87E6029216BB470B008E5457 /* Frameworks */,
				87E6029316BB470B008E5457 /* Resources */,
				87E6029416BB470B008E5457 /* ShellScript */,
			);
			buildRules = (
			);
			dependencies = (
				87E6029C16BB470B008E5457 /* PBXTargetDependency */,
			);
			name = LiarsDiceTests;
			productName = LiarsDiceTests;
			productReference = 87E6029616BB470B008E5457 /* LiarsDiceTests.octest */;
			productType = "com.apple.product-type.bundle";
		};
/* End PBXNativeTarget section */

/* Begin PBXProject section */
		87E6026E16BB470B008E5457 /* Project object */ = {
			isa = PBXProject;
			attributes = {
				LastUpgradeCheck = 0460;
				ORGANIZATIONNAME = "David Raleigh";
			};
			buildConfigurationList = 87E6027116BB470B008E5457 /* Build configuration list for PBXProject "LiarsDice" */;
			compatibilityVersion = "Xcode 3.2";
			developmentRegion = English;
			hasScannedForEncodings = 0;
			knownRegions = (
				en,
			);
			mainGroup = 87E6026D16BB470B008E5457;
			productRefGroup = 87E6027716BB470B008E5457 /* Products */;
			projectDirPath = "";
			projectRoot = "";
			targets = (
				87E6027516BB470B008E5457 /* LiarsDice */,
				87E6029516BB470B008E5457 /* LiarsDiceTests */,
			);
		};
/* End PBXProject section */

/* Begin PBXResourcesBuildPhase section */
		87E6027416BB470B008E5457 /* Resources */ = {
			isa = PBXResourcesBuildPhase;
			buildActionMask = 2147483647;
			files = (
				87E6028416BB470B008E5457 /* InfoPlist.strings in Resources */,
				87E6028C16BB470B008E5457 /* Default.png in Resources */,
				87E6028E16BB470B008E5457 /* Default@2x.png in Resources */,
				87E6029016BB470B008E5457 /* Default-568h@2x.png in Resources */,
				87F4731D16BC03F0009E90B5 /* StartViewController_iPhone.xib in Resources */,
				87F4732216BC052D009E90B5 /* SetUserNameViewController_iPhone.xib in Resources */,
				87F4733E16BC0664009E90B5 /* RollForFirstPlayViewController_iPhone.xib in Resources */,
				87F4735216BC06E6009E90B5 /* PlayersShowDiceViewController_iPhone.xib in Resources */,
				87F4735716BC0714009E90B5 /* SummarizeRoundViewController_iPhone.xib in Resources */,
				87E9552616BFFEE80067F4DF /* LiarsDiceLobbyViewController_iPhone.xib in Resources */,
				87E9552E16BFFF4C0067F4DF /* GameSetupViewController_iPhone.xib in Resources */,
				87E9553616BFFFAF0067F4DF /* GameStartLobbyViewController_iPhone.xib in Resources */,
				87E9553E16C0000E0067F4DF /* SummarizeGameViewController_iPhone.xib in Resources */,
				87E9554616C000790067F4DF /* PlayersGameSettingsViewController_iPhone.xib in Resources */,
				87E9555416C0258F0067F4DF /* Die1.png in Resources */,
				87E9555516C0258F0067F4DF /* Die2.png in Resources */,
				87E9555616C0258F0067F4DF /* Die3.png in Resources */,
				87E9555716C0258F0067F4DF /* Die4.png in Resources */,
				87E9555816C0258F0067F4DF /* Die5.png in Resources */,
				87E9555916C0258F0067F4DF /* Die6.png in Resources */,
				872CA62516C05D930056AF23 /* LD_Bracket_1.png in Resources */,
				872CA62616C05D930056AF23 /* LD_Curtain_Blank_1.png in Resources */,
				872CA62E16C05DB60056AF23 /* LD_DiceScroll_1.png in Resources */,
				872CA62F16C05DB60056AF23 /* LD_DiceScroll_2.png in Resources */,
				872CA63016C05DB60056AF23 /* LD_DiceScroll_3.png in Resources */,
				872CA63116C05DB60056AF23 /* LD_DiceScroll_4.png in Resources */,
				872CA63216C05DB60056AF23 /* LD_DiceScroll_5.png in Resources */,
				872CA63316C05DB60056AF23 /* LD_DiceScroll_6.png in Resources */,
				872CA63416C05DB60056AF23 /* LD_DiceScroll_7.png in Resources */,
				872CA63616C05DC20056AF23 /* LD_TumblerBackdrop_1.png in Resources */,
				872CA63E16C14CF80056AF23 /* RoundPlayViewController_iPhone.xib in Resources */,
				87B09BAE16C27CB0006F6E81 /* GeneralSettingsViewController_iPhone.xib in Resources */,
			);
			runOnlyForDeploymentPostprocessing = 0;
		};
		87E6029316BB470B008E5457 /* Resources */ = {
			isa = PBXResourcesBuildPhase;
			buildActionMask = 2147483647;
			files = (
				87E602A216BB470B008E5457 /* InfoPlist.strings in Resources */,
			);
			runOnlyForDeploymentPostprocessing = 0;
		};
/* End PBXResourcesBuildPhase section */

/* Begin PBXShellScriptBuildPhase section */
		87E6029416BB470B008E5457 /* ShellScript */ = {
			isa = PBXShellScriptBuildPhase;
			buildActionMask = 2147483647;
			files = (
			);
			inputPaths = (
			);
			outputPaths = (
			);
			runOnlyForDeploymentPostprocessing = 0;
			shellPath = /bin/sh;
			shellScript = "# Run the unit tests in this test bundle.\n\"${SYSTEM_DEVELOPER_DIR}/Tools/RunUnitTests\"\n";
		};
/* End PBXShellScriptBuildPhase section */

/* Begin PBXSourcesBuildPhase section */
		87E6027216BB470B008E5457 /* Sources */ = {
			isa = PBXSourcesBuildPhase;
			buildActionMask = 2147483647;
			files = (
				87E6028616BB470B008E5457 /* main.m in Sources */,
				87E6028A16BB470B008E5457 /* AppDelegate.m in Sources */,
				87E602B216BB47E7008E5457 /* StartViewController.m in Sources */,
				87E602BB16BB4949008E5457 /* SetUserNameViewController.mm in Sources */,
				87F4730016BBFFF7009E90B5 /* RollForFirstPlayViewController.mm in Sources */,
				87F4730C16BC01A6009E90B5 /* PlayersShowDiceViewController.mm in Sources */,
				87F4730F16BC01D0009E90B5 /* SummarizeRoundViewController.mm in Sources */,
				87F4731C16BC03F0009E90B5 /* StartViewController_iPhone.m in Sources */,
				87F4732116BC052D009E90B5 /* SetUserNameViewController_iPhone.m in Sources */,
				87F4733D16BC0664009E90B5 /* RollForFirstPlayViewController_iPhone.m in Sources */,
				87F4735116BC06E6009E90B5 /* PlayersShowDiceViewController_iPhone.m in Sources */,
				87F4735616BC0714009E90B5 /* SummarizeRoundViewController_iPhone.m in Sources */,
				87F4736516BC82DF009E90B5 /* EasyTableView.m in Sources */,
				87E9552116BFFEB00067F4DF /* LiarsDiceLobbyViewController.m in Sources */,
				87E9552516BFFEE80067F4DF /* LiarsDiceLobbyViewController_iPhone.m in Sources */,
				87E9552916BFFF180067F4DF /* GameSetupViewController.m in Sources */,
				87E9552D16BFFF4C0067F4DF /* GameSetupViewController_iPhone.m in Sources */,
				87E9553116BFFF850067F4DF /* GameStartLobbyViewController.m in Sources */,
				87E9553516BFFFAF0067F4DF /* GameStartLobbyViewController_iPhone.m in Sources */,
				87E9553916BFFFED0067F4DF /* SummarizeGameViewController.m in Sources */,
				87E9553D16C0000E0067F4DF /* SummarizeGameViewController_iPhone.m in Sources */,
				87E9554116C0005C0067F4DF /* PlayersGameSettingsViewController.m in Sources */,
				87E9554516C000790067F4DF /* PlayersGameSettingsViewController_iPhone.m in Sources */,
				87E9554D16C01EAB0067F4DF /* BidSelectionData.m in Sources */,
				872CA63916C14CCB0056AF23 /* RoundPlayViewController.m in Sources */,
				872CA63D16C14CF80056AF23 /* RoundPlayViewController_iPhone.m in Sources */,
				87B09BA916C27C8C006F6E81 /* GeneralSettingsViewController.m in Sources */,
				87B09BAD16C27CB0006F6E81 /* GeneralSettingsViewController_iPhone.m in Sources */,
			);
			runOnlyForDeploymentPostprocessing = 0;
		};
		87E6029116BB470B008E5457 /* Sources */ = {
			isa = PBXSourcesBuildPhase;
			buildActionMask = 2147483647;
			files = (
				87E602A516BB470B008E5457 /* LiarsDiceTests.m in Sources */,
			);
			runOnlyForDeploymentPostprocessing = 0;
		};
/* End PBXSourcesBuildPhase section */

/* Begin PBXTargetDependency section */
		87E6029C16BB470B008E5457 /* PBXTargetDependency */ = {
			isa = PBXTargetDependency;
			target = 87E6027516BB470B008E5457 /* LiarsDice */;
			targetProxy = 87E6029B16BB470B008E5457 /* PBXContainerItemProxy */;
		};
/* End PBXTargetDependency section */

/* Begin PBXVariantGroup section */
		87E6028216BB470B008E5457 /* InfoPlist.strings */ = {
			isa = PBXVariantGroup;
			children = (
				87E6028316BB470B008E5457 /* en */,
			);
			name = InfoPlist.strings;
			sourceTree = "<group>";
		};
		87E602A016BB470B008E5457 /* InfoPlist.strings */ = {
			isa = PBXVariantGroup;
			children = (
				87E602A116BB470B008E5457 /* en */,
			);
			name = InfoPlist.strings;
			sourceTree = "<group>";
		};
/* End PBXVariantGroup section */

/* Begin XCBuildConfiguration section */
		87E602A616BB470B008E5457 /* Debug */ = {
			isa = XCBuildConfiguration;
			buildSettings = {
				ALWAYS_SEARCH_USER_PATHS = NO;
				CLANG_CXX_LANGUAGE_STANDARD = "gnu++0x";
				CLANG_CXX_LIBRARY = "libc++";
				CLANG_ENABLE_OBJC_ARC = YES;
				CLANG_WARN_CONSTANT_CONVERSION = YES;
				CLANG_WARN_EMPTY_BODY = YES;
				CLANG_WARN_ENUM_CONVERSION = YES;
				CLANG_WARN_INT_CONVERSION = YES;
				CLANG_WARN__DUPLICATE_METHOD_MATCH = YES;
				"CODE_SIGN_IDENTITY[sdk=iphoneos*]" = "iPhone Developer";
				COPY_PHASE_STRIP = NO;
				GCC_C_LANGUAGE_STANDARD = gnu99;
				GCC_DYNAMIC_NO_PIC = NO;
				GCC_OPTIMIZATION_LEVEL = 0;
				GCC_PREPROCESSOR_DEFINITIONS = (
					"DEBUG=1",
					"$(inherited)",
				);
				GCC_SYMBOLS_PRIVATE_EXTERN = NO;
				GCC_WARN_ABOUT_RETURN_TYPE = YES;
				GCC_WARN_UNINITIALIZED_AUTOS = YES;
				GCC_WARN_UNUSED_VARIABLE = YES;
				IPHONEOS_DEPLOYMENT_TARGET = 6.0;
				ONLY_ACTIVE_ARCH = YES;
				SDKROOT = iphoneos;
				TARGETED_DEVICE_FAMILY = "1,2";
			};
			name = Debug;
		};
		87E602A716BB470B008E5457 /* Release */ = {
			isa = XCBuildConfiguration;
			buildSettings = {
				ALWAYS_SEARCH_USER_PATHS = NO;
				CLANG_CXX_LANGUAGE_STANDARD = "gnu++0x";
				CLANG_CXX_LIBRARY = "libc++";
				CLANG_ENABLE_OBJC_ARC = YES;
				CLANG_WARN_CONSTANT_CONVERSION = YES;
				CLANG_WARN_EMPTY_BODY = YES;
				CLANG_WARN_ENUM_CONVERSION = YES;
				CLANG_WARN_INT_CONVERSION = YES;
				CLANG_WARN__DUPLICATE_METHOD_MATCH = YES;
				"CODE_SIGN_IDENTITY[sdk=iphoneos*]" = "iPhone Developer";
				COPY_PHASE_STRIP = YES;
				GCC_C_LANGUAGE_STANDARD = gnu99;
				GCC_WARN_ABOUT_RETURN_TYPE = YES;
				GCC_WARN_UNINITIALIZED_AUTOS = YES;
				GCC_WARN_UNUSED_VARIABLE = YES;
				IPHONEOS_DEPLOYMENT_TARGET = 6.0;
				OTHER_CFLAGS = "-DNS_BLOCK_ASSERTIONS=1";
				SDKROOT = iphoneos;
				TARGETED_DEVICE_FAMILY = "1,2";
				VALIDATE_PRODUCT = YES;
			};
			name = Release;
		};
		87E602A916BB470B008E5457 /* Debug */ = {
			isa = XCBuildConfiguration;
			buildSettings = {
				GCC_PRECOMPILE_PREFIX_HEADER = YES;
				GCC_PREFIX_HEADER = "LiarsDice/LiarsDice-Prefix.pch";
				INFOPLIST_FILE = "LiarsDice/LiarsDice-Info.plist";
				IPHONEOS_DEPLOYMENT_TARGET = 6.0;
				PRODUCT_NAME = "$(TARGET_NAME)";
				WRAPPER_EXTENSION = app;
			};
			name = Debug;
		};
		87E602AA16BB470B008E5457 /* Release */ = {
			isa = XCBuildConfiguration;
			buildSettings = {
				GCC_PRECOMPILE_PREFIX_HEADER = YES;
				GCC_PREFIX_HEADER = "LiarsDice/LiarsDice-Prefix.pch";
				INFOPLIST_FILE = "LiarsDice/LiarsDice-Info.plist";
				IPHONEOS_DEPLOYMENT_TARGET = 6.0;
				PRODUCT_NAME = "$(TARGET_NAME)";
				WRAPPER_EXTENSION = app;
			};
			name = Release;
		};
		87E602AC16BB470B008E5457 /* Debug */ = {
			isa = XCBuildConfiguration;
			buildSettings = {
				BUNDLE_LOADER = "$(BUILT_PRODUCTS_DIR)/LiarsDice.app/LiarsDice";
				FRAMEWORK_SEARCH_PATHS = (
					"\"$(SDKROOT)/Developer/Library/Frameworks\"",
					"\"$(DEVELOPER_LIBRARY_DIR)/Frameworks\"",
				);
				GCC_PRECOMPILE_PREFIX_HEADER = YES;
				GCC_PREFIX_HEADER = "LiarsDice/LiarsDice-Prefix.pch";
				INFOPLIST_FILE = "LiarsDiceTests/LiarsDiceTests-Info.plist";
				PRODUCT_NAME = "$(TARGET_NAME)";
				TEST_HOST = "$(BUNDLE_LOADER)";
				WRAPPER_EXTENSION = octest;
			};
			name = Debug;
		};
		87E602AD16BB470B008E5457 /* Release */ = {
			isa = XCBuildConfiguration;
			buildSettings = {
				BUNDLE_LOADER = "$(BUILT_PRODUCTS_DIR)/LiarsDice.app/LiarsDice";
				FRAMEWORK_SEARCH_PATHS = (
					"\"$(SDKROOT)/Developer/Library/Frameworks\"",
					"\"$(DEVELOPER_LIBRARY_DIR)/Frameworks\"",
				);
				GCC_PRECOMPILE_PREFIX_HEADER = YES;
				GCC_PREFIX_HEADER = "LiarsDice/LiarsDice-Prefix.pch";
				INFOPLIST_FILE = "LiarsDiceTests/LiarsDiceTests-Info.plist";
				PRODUCT_NAME = "$(TARGET_NAME)";
				TEST_HOST = "$(BUNDLE_LOADER)";
				WRAPPER_EXTENSION = octest;
			};
			name = Release;
		};
/* End XCBuildConfiguration section */

/* Begin XCConfigurationList section */
		87E6027116BB470B008E5457 /* Build configuration list for PBXProject "LiarsDice" */ = {
			isa = XCConfigurationList;
			buildConfigurations = (
				87E602A616BB470B008E5457 /* Debug */,
				87E602A716BB470B008E5457 /* Release */,
			);
			defaultConfigurationIsVisible = 0;
			defaultConfigurationName = Release;
		};
		87E602A816BB470B008E5457 /* Build configuration list for PBXNativeTarget "LiarsDice" */ = {
			isa = XCConfigurationList;
			buildConfigurations = (
				87E602A916BB470B008E5457 /* Debug */,
				87E602AA16BB470B008E5457 /* Release */,
			);
			defaultConfigurationIsVisible = 0;
			defaultConfigurationName = Release;
		};
		87E602AB16BB470B008E5457 /* Build configuration list for PBXNativeTarget "LiarsDiceTests" */ = {
			isa = XCConfigurationList;
			buildConfigurations = (
				87E602AC16BB470B008E5457 /* Debug */,
				87E602AD16BB470B008E5457 /* Release */,
			);
			defaultConfigurationIsVisible = 0;
			defaultConfigurationName = Release;
		};
/* End XCConfigurationList section */
	};
	rootObject = 87E6026E16BB470B008E5457 /* Project object */;
}
